// !$*UTF8*$!
{
	archiveVersion = 1;
	classes = {
	};
	objectVersion = 46;
	objects = {

/* Begin PBXBuildFile section */
		437AB1EF19229E96001FFA8A /* UIView+BIShadow.m in Sources */ = {isa = PBXBuildFile; fileRef = 437AB1EE19229E96001FFA8A /* UIView+BIShadow.m */; };
		43A2DFC3192286A100EE60E3 /* Foundation.framework in Frameworks */ = {isa = PBXBuildFile; fileRef = 43A2DFC2192286A100EE60E3 /* Foundation.framework */; };
		43A2DFC5192286A100EE60E3 /* CoreGraphics.framework in Frameworks */ = {isa = PBXBuildFile; fileRef = 43A2DFC4192286A100EE60E3 /* CoreGraphics.framework */; };
		43A2DFC7192286A100EE60E3 /* UIKit.framework in Frameworks */ = {isa = PBXBuildFile; fileRef = 43A2DFC6192286A100EE60E3 /* UIKit.framework */; };
		43A2DFCD192286A100EE60E3 /* InfoPlist.strings in Resources */ = {isa = PBXBuildFile; fileRef = 43A2DFCB192286A100EE60E3 /* InfoPlist.strings */; };
		43A2DFCF192286A100EE60E3 /* main.m in Sources */ = {isa = PBXBuildFile; fileRef = 43A2DFCE192286A100EE60E3 /* main.m */; };
		43A2DFD3192286A100EE60E3 /* BIAppDelegate.m in Sources */ = {isa = PBXBuildFile; fileRef = 43A2DFD2192286A100EE60E3 /* BIAppDelegate.m */; };
		43A2DFD5192286A100EE60E3 /* Images.xcassets in Resources */ = {isa = PBXBuildFile; fileRef = 43A2DFD4192286A100EE60E3 /* Images.xcassets */; };
		43A2DFDC192286A100EE60E3 /* XCTest.framework in Frameworks */ = {isa = PBXBuildFile; fileRef = 43A2DFDB192286A100EE60E3 /* XCTest.framework */; };
		43A2DFDD192286A100EE60E3 /* Foundation.framework in Frameworks */ = {isa = PBXBuildFile; fileRef = 43A2DFC2192286A100EE60E3 /* Foundation.framework */; };
		43A2DFDE192286A100EE60E3 /* UIKit.framework in Frameworks */ = {isa = PBXBuildFile; fileRef = 43A2DFC6192286A100EE60E3 /* UIKit.framework */; };
		43A2DFE6192286A100EE60E3 /* InfoPlist.strings in Resources */ = {isa = PBXBuildFile; fileRef = 43A2DFE4192286A100EE60E3 /* InfoPlist.strings */; };
		43A2DFE8192286A100EE60E3 /* UIViewShadowTests.m in Sources */ = {isa = PBXBuildFile; fileRef = 43A2DFE7192286A100EE60E3 /* UIViewShadowTests.m */; };
		43A2DFFB19228DF500EE60E3 /* BIMainViewController.m in Sources */ = {isa = PBXBuildFile; fileRef = 43A2DFFA19228DF500EE60E3 /* BIMainViewController.m */; };
		43A2E00019228E1E00EE60E3 /* BIMainView.m in Sources */ = {isa = PBXBuildFile; fileRef = 43A2DFFF19228E1E00EE60E3 /* BIMainView.m */; };
/* End PBXBuildFile section */

/* Begin PBXContainerItemProxy section */
		43A2DFDF192286A100EE60E3 /* PBXContainerItemProxy */ = {
			isa = PBXContainerItemProxy;
			containerPortal = 43A2DFB7192286A100EE60E3 /* Project object */;
			proxyType = 1;
			remoteGlobalIDString = 43A2DFBE192286A100EE60E3;
			remoteInfo = UIViewShadow;
		};
/* End PBXContainerItemProxy section */

/* Begin PBXFileReference section */
		437AB1ED19229E96001FFA8A /* UIView+BIShadow.h */ = {isa = PBXFileReference; fileEncoding = 4; lastKnownFileType = sourcecode.c.h; name = "UIView+BIShadow.h"; path = "Classes/Helpers/Categories/UIView+BIShadow.h"; sourceTree = "<group>"; };
		437AB1EE19229E96001FFA8A /* UIView+BIShadow.m */ = {isa = PBXFileReference; fileEncoding = 4; lastKnownFileType = sourcecode.c.objc; name = "UIView+BIShadow.m"; path = "Classes/Helpers/Categories/UIView+BIShadow.m"; sourceTree = "<group>"; };
		43A2DFBF192286A100EE60E3 /* UIViewShadow.app */ = {isa = PBXFileReference; explicitFileType = wrapper.application; includeInIndex = 0; path = UIViewShadow.app; sourceTree = BUILT_PRODUCTS_DIR; };
		43A2DFC2192286A100EE60E3 /* Foundation.framework */ = {isa = PBXFileReference; lastKnownFileType = wrapper.framework; name = Foundation.framework; path = System/Library/Frameworks/Foundation.framework; sourceTree = SDKROOT; };
		43A2DFC4192286A100EE60E3 /* CoreGraphics.framework */ = {isa = PBXFileReference; lastKnownFileType = wrapper.framework; name = CoreGraphics.framework; path = System/Library/Frameworks/CoreGraphics.framework; sourceTree = SDKROOT; };
		43A2DFC6192286A100EE60E3 /* UIKit.framework */ = {isa = PBXFileReference; lastKnownFileType = wrapper.framework; name = UIKit.framework; path = System/Library/Frameworks/UIKit.framework; sourceTree = SDKROOT; };
		43A2DFCA192286A100EE60E3 /* UIViewShadow-Info.plist */ = {isa = PBXFileReference; lastKnownFileType = text.plist.xml; name = "UIViewShadow-Info.plist"; path = "SupportingFiles/UIViewShadow-Info.plist"; sourceTree = "<group>"; };
		43A2DFCC192286A100EE60E3 /* en */ = {isa = PBXFileReference; lastKnownFileType = text.plist.strings; name = en; path = en.lproj/InfoPlist.strings; sourceTree = "<group>"; };
		43A2DFCE192286A100EE60E3 /* main.m */ = {isa = PBXFileReference; lastKnownFileType = sourcecode.c.objc; name = main.m; path = SupportingFiles/main.m; sourceTree = "<group>"; };
		43A2DFD0192286A100EE60E3 /* UIViewShadow-Prefix.pch */ = {isa = PBXFileReference; lastKnownFileType = sourcecode.c.h; name = "UIViewShadow-Prefix.pch"; path = "SupportingFiles/UIViewShadow-Prefix.pch"; sourceTree = "<group>"; };
		43A2DFD1192286A100EE60E3 /* BIAppDelegate.h */ = {isa = PBXFileReference; lastKnownFileType = sourcecode.c.h; path = BIAppDelegate.h; sourceTree = "<group>"; };
		43A2DFD2192286A100EE60E3 /* BIAppDelegate.m */ = {isa = PBXFileReference; lastKnownFileType = sourcecode.c.objc; path = BIAppDelegate.m; sourceTree = "<group>"; };
		43A2DFD4192286A100EE60E3 /* Images.xcassets */ = {isa = PBXFileReference; lastKnownFileType = folder.assetcatalog; name = Images.xcassets; path = Resources/Images/Images.xcassets; sourceTree = "<group>"; };
		43A2DFDA192286A100EE60E3 /* UIViewShadowTests.xctest */ = {isa = PBXFileReference; explicitFileType = wrapper.cfbundle; includeInIndex = 0; path = UIViewShadowTests.xctest; sourceTree = BUILT_PRODUCTS_DIR; };
		43A2DFDB192286A100EE60E3 /* XCTest.framework */ = {isa = PBXFileReference; lastKnownFileType = wrapper.framework; name = XCTest.framework; path = Library/Frameworks/XCTest.framework; sourceTree = DEVELOPER_DIR; };
		43A2DFE3192286A100EE60E3 /* UIViewShadowTests-Info.plist */ = {isa = PBXFileReference; lastKnownFileType = text.plist.xml; path = "UIViewShadowTests-Info.plist"; sourceTree = "<group>"; };
		43A2DFE5192286A100EE60E3 /* en */ = {isa = PBXFileReference; lastKnownFileType = text.plist.strings; name = en; path = en.lproj/InfoPlist.strings; sourceTree = "<group>"; };
		43A2DFE7192286A100EE60E3 /* UIViewShadowTests.m */ = {isa = PBXFileReference; lastKnownFileType = sourcecode.c.objc; path = UIViewShadowTests.m; sourceTree = "<group>"; };
		43A2DFF919228DF500EE60E3 /* BIMainViewController.h */ = {isa = PBXFileReference; fileEncoding = 4; lastKnownFileType = sourcecode.c.h; name = BIMainViewController.h; path = Classes/GUI/ViewController/BIMainViewController.h; sourceTree = "<group>"; };
		43A2DFFA19228DF500EE60E3 /* BIMainViewController.m */ = {isa = PBXFileReference; fileEncoding = 4; lastKnownFileType = sourcecode.c.objc; name = BIMainViewController.m; path = Classes/GUI/ViewController/BIMainViewController.m; sourceTree = "<group>"; };
		43A2DFFE19228E1E00EE60E3 /* BIMainView.h */ = {isa = PBXFileReference; fileEncoding = 4; lastKnownFileType = sourcecode.c.h; name = BIMainView.h; path = Classes/GUI/Views/BIMainView.h; sourceTree = "<group>"; };
		43A2DFFF19228E1E00EE60E3 /* BIMainView.m */ = {isa = PBXFileReference; fileEncoding = 4; lastKnownFileType = sourcecode.c.objc; name = BIMainView.m; path = Classes/GUI/Views/BIMainView.m; sourceTree = "<group>"; };
/* End PBXFileReference section */

/* Begin PBXFrameworksBuildPhase section */
		43A2DFBC192286A100EE60E3 /* Frameworks */ = {
			isa = PBXFrameworksBuildPhase;
			buildActionMask = 2147483647;
			files = (
				43A2DFC5192286A100EE60E3 /* CoreGraphics.framework in Frameworks */,
				43A2DFC7192286A100EE60E3 /* UIKit.framework in Frameworks */,
				43A2DFC3192286A100EE60E3 /* Foundation.framework in Frameworks */,
			);
			runOnlyForDeploymentPostprocessing = 0;
		};
		43A2DFD7192286A100EE60E3 /* Frameworks */ = {
			isa = PBXFrameworksBuildPhase;
			buildActionMask = 2147483647;
			files = (
				43A2DFDC192286A100EE60E3 /* XCTest.framework in Frameworks */,
				43A2DFDE192286A100EE60E3 /* UIKit.framework in Frameworks */,
				43A2DFDD192286A100EE60E3 /* Foundation.framework in Frameworks */,
			);
			runOnlyForDeploymentPostprocessing = 0;
		};
/* End PBXFrameworksBuildPhase section */

/* Begin PBXGroup section */
		437AB1EC19229E6E001FFA8A /* Categories */ = {
			isa = PBXGroup;
			children = (
				437AB1ED19229E96001FFA8A /* UIView+BIShadow.h */,
				437AB1EE19229E96001FFA8A /* UIView+BIShadow.m */,
			);
			name = Categories;
			sourceTree = "<group>";
		};
		43A2DFB6192286A100EE60E3 = {
			isa = PBXGroup;
			children = (
				43A2DFC8192286A100EE60E3 /* UIViewShadow */,
				43A2DFE1192286A100EE60E3 /* UIViewShadowTests */,
				43A2DFC1192286A100EE60E3 /* Frameworks */,
				43A2DFC0192286A100EE60E3 /* Products */,
			);
			sourceTree = "<group>";
		};
		43A2DFC0192286A100EE60E3 /* Products */ = {
			isa = PBXGroup;
			children = (
				43A2DFBF192286A100EE60E3 /* UIViewShadow.app */,
				43A2DFDA192286A100EE60E3 /* UIViewShadowTests.xctest */,
			);
			name = Products;
			sourceTree = "<group>";
		};
		43A2DFC1192286A100EE60E3 /* Frameworks */ = {
			isa = PBXGroup;
			children = (
				43A2DFC2192286A100EE60E3 /* Foundation.framework */,
				43A2DFC4192286A100EE60E3 /* CoreGraphics.framework */,
				43A2DFC6192286A100EE60E3 /* UIKit.framework */,
				43A2DFDB192286A100EE60E3 /* XCTest.framework */,
			);
			name = Frameworks;
			sourceTree = "<group>";
		};
		43A2DFC8192286A100EE60E3 /* UIViewShadow */ = {
			isa = PBXGroup;
			children = (
				43A2DFF11922873C00EE60E3 /* Classes */,
				43A2DFF51922875200EE60E3 /* Resources */,
				43A2DFF61922877F00EE60E3 /* SupportingFIles */,
			);
			path = UIViewShadow;
			sourceTree = "<group>";
		};
		43A2DFE1192286A100EE60E3 /* UIViewShadowTests */ = {
			isa = PBXGroup;
			children = (
				43A2DFE7192286A100EE60E3 /* UIViewShadowTests.m */,
				43A2DFE2192286A100EE60E3 /* Supporting Files */,
			);
			path = UIViewShadowTests;
			sourceTree = "<group>";
		};
		43A2DFE2192286A100EE60E3 /* Supporting Files */ = {
			isa = PBXGroup;
			children = (
				43A2DFE3192286A100EE60E3 /* UIViewShadowTests-Info.plist */,
				43A2DFE4192286A100EE60E3 /* InfoPlist.strings */,
			);
			name = "Supporting Files";
			sourceTree = "<group>";
		};
		43A2DFF11922873C00EE60E3 /* Classes */ = {
			isa = PBXGroup;
			children = (
				43A2DFD1192286A100EE60E3 /* BIAppDelegate.h */,
				43A2DFD2192286A100EE60E3 /* BIAppDelegate.m */,
				43A2DFF31922874600EE60E3 /* Helpers */,
				43A2DFF21922874000EE60E3 /* GUI */,
			);
			name = Classes;
			sourceTree = "<group>";
		};
		43A2DFF21922874000EE60E3 /* GUI */ = {
			isa = PBXGroup;
			children = (
				43A2DFFD19228E0800EE60E3 /* Views */,
				43A2DFFC19228DF800EE60E3 /* ViewController */,
			);
			name = GUI;
			sourceTree = "<group>";
		};
		43A2DFF31922874600EE60E3 /* Helpers */ = {
			isa = PBXGroup;
			children = (
				437AB1EC19229E6E001FFA8A /* Categories */,
			);
			name = Helpers;
			sourceTree = "<group>";
		};
		43A2DFF51922875200EE60E3 /* Resources */ = {
			isa = PBXGroup;
			children = (
				43A2DFF8192287DB00EE60E3 /* Images */,
				43A2DFF7192287C900EE60E3 /* Localization */,
			);
			name = Resources;
			sourceTree = "<group>";
		};
		43A2DFF61922877F00EE60E3 /* SupportingFIles */ = {
			isa = PBXGroup;
			children = (
				43A2DFCA192286A100EE60E3 /* UIViewShadow-Info.plist */,
				43A2DFCE192286A100EE60E3 /* main.m */,
				43A2DFD0192286A100EE60E3 /* UIViewShadow-Prefix.pch */,
			);
			name = SupportingFIles;
			sourceTree = "<group>";
		};
		43A2DFF7192287C900EE60E3 /* Localization */ = {
			isa = PBXGroup;
			children = (
				43A2DFCB192286A100EE60E3 /* InfoPlist.strings */,
			);
			name = Localization;
			sourceTree = "<group>";
		};
		43A2DFF8192287DB00EE60E3 /* Images */ = {
			isa = PBXGroup;
			children = (
				43A2DFD4192286A100EE60E3 /* Images.xcassets */,
			);
			name = Images;
			sourceTree = "<group>";
		};
		43A2DFFC19228DF800EE60E3 /* ViewController */ = {
			isa = PBXGroup;
			children = (
				43A2DFF919228DF500EE60E3 /* BIMainViewController.h */,
				43A2DFFA19228DF500EE60E3 /* BIMainViewController.m */,
			);
			name = ViewController;
			sourceTree = "<group>";
		};
		43A2DFFD19228E0800EE60E3 /* Views */ = {
			isa = PBXGroup;
			children = (
				43A2DFFE19228E1E00EE60E3 /* BIMainView.h */,
				43A2DFFF19228E1E00EE60E3 /* BIMainView.m */,
			);
			name = Views;
			sourceTree = "<group>";
		};
/* End PBXGroup section */

/* Begin PBXNativeTarget section */
		43A2DFBE192286A100EE60E3 /* UIViewShadow */ = {
			isa = PBXNativeTarget;
			buildConfigurationList = 43A2DFEB192286A100EE60E3 /* Build configuration list for PBXNativeTarget "UIViewShadow" */;
			buildPhases = (
				43A2DFBB192286A100EE60E3 /* Sources */,
				43A2DFBC192286A100EE60E3 /* Frameworks */,
				43A2DFBD192286A100EE60E3 /* Resources */,
			);
			buildRules = (
			);
			dependencies = (
			);
			name = UIViewShadow;
			productName = UIViewShadow;
			productReference = 43A2DFBF192286A100EE60E3 /* UIViewShadow.app */;
			productType = "com.apple.product-type.application";
		};
		43A2DFD9192286A100EE60E3 /* UIViewShadowTests */ = {
			isa = PBXNativeTarget;
			buildConfigurationList = 43A2DFEE192286A100EE60E3 /* Build configuration list for PBXNativeTarget "UIViewShadowTests" */;
			buildPhases = (
				43A2DFD6192286A100EE60E3 /* Sources */,
				43A2DFD7192286A100EE60E3 /* Frameworks */,
				43A2DFD8192286A100EE60E3 /* Resources */,
			);
			buildRules = (
			);
			dependencies = (
				43A2DFE0192286A100EE60E3 /* PBXTargetDependency */,
			);
			name = UIViewShadowTests;
			productName = UIViewShadowTests;
			productReference = 43A2DFDA192286A100EE60E3 /* UIViewShadowTests.xctest */;
			productType = "com.apple.product-type.bundle.unit-test";
		};
/* End PBXNativeTarget section */

/* Begin PBXProject section */
		43A2DFB7192286A100EE60E3 /* Project object */ = {
			isa = PBXProject;
			attributes = {
				CLASSPREFIX = BI;
				LastUpgradeCheck = 0510;
				ORGANIZATIONNAME = "Bogdan Iusco";
				TargetAttributes = {
					43A2DFD9192286A100EE60E3 = {
						TestTargetID = 43A2DFBE192286A100EE60E3;
					};
				};
			};
			buildConfigurationList = 43A2DFBA192286A100EE60E3 /* Build configuration list for PBXProject "UIViewShadow" */;
			compatibilityVersion = "Xcode 3.2";
			developmentRegion = English;
			hasScannedForEncodings = 0;
			knownRegions = (
				en,
			);
			mainGroup = 43A2DFB6192286A100EE60E3;
			productRefGroup = 43A2DFC0192286A100EE60E3 /* Products */;
			projectDirPath = "";
			projectRoot = "";
			targets = (
				43A2DFBE192286A100EE60E3 /* UIViewShadow */,
				43A2DFD9192286A100EE60E3 /* UIViewShadowTests */,
			);
		};
/* End PBXProject section */

/* Begin PBXResourcesBuildPhase section */
		43A2DFBD192286A100EE60E3 /* Resources */ = {
			isa = PBXResourcesBuildPhase;
			buildActionMask = 2147483647;
			files = (
				43A2DFCD192286A100EE60E3 /* InfoPlist.strings in Resources */,
				43A2DFD5192286A100EE60E3 /* Images.xcassets in Resources */,
			);
			runOnlyForDeploymentPostprocessing = 0;
		};
		43A2DFD8192286A100EE60E3 /* Resources */ = {
			isa = PBXResourcesBuildPhase;
			buildActionMask = 2147483647;
			files = (
				43A2DFE6192286A100EE60E3 /* InfoPlist.strings in Resources */,
			);
			runOnlyForDeploymentPostprocessing = 0;
		};
/* End PBXResourcesBuildPhase section */

/* Begin PBXSourcesBuildPhase section */
		43A2DFBB192286A100EE60E3 /* Sources */ = {
			isa = PBXSourcesBuildPhase;
			buildActionMask = 2147483647;
			files = (
				43A2DFCF192286A100EE60E3 /* main.m in Sources */,
				43A2DFFB19228DF500EE60E3 /* BIMainViewController.m in Sources */,
				437AB1EF19229E96001FFA8A /* UIView+BIShadow.m in Sources */,
				43A2E00019228E1E00EE60E3 /* BIMainView.m in Sources */,
				43A2DFD3192286A100EE60E3 /* BIAppDelegate.m in Sources */,
			);
			runOnlyForDeploymentPostprocessing = 0;
		};
		43A2DFD6192286A100EE60E3 /* Sources */ = {
			isa = PBXSourcesBuildPhase;
			buildActionMask = 2147483647;
			files = (
				43A2DFE8192286A100EE60E3 /* UIViewShadowTests.m in Sources */,
			);
			runOnlyForDeploymentPostprocessing = 0;
		};
/* End PBXSourcesBuildPhase section */

/* Begin PBXTargetDependency section */
		43A2DFE0192286A100EE60E3 /* PBXTargetDependency */ = {
			isa = PBXTargetDependency;
			target = 43A2DFBE192286A100EE60E3 /* UIViewShadow */;
			targetProxy = 43A2DFDF192286A100EE60E3 /* PBXContainerItemProxy */;
		};
/* End PBXTargetDependency section */

/* Begin PBXVariantGroup section */
		43A2DFCB192286A100EE60E3 /* InfoPlist.strings */ = {
			isa = PBXVariantGroup;
			children = (
				43A2DFCC192286A100EE60E3 /* en */,
			);
			name = InfoPlist.strings;
			path = Resources/Localization;
			sourceTree = "<group>";
		};
		43A2DFE4192286A100EE60E3 /* InfoPlist.strings */ = {
			isa = PBXVariantGroup;
			children = (
				43A2DFE5192286A100EE60E3 /* en */,
			);
			name = InfoPlist.strings;
			sourceTree = "<group>";
		};
/* End PBXVariantGroup section */

/* Begin XCBuildConfiguration section */
		43A2DFE9192286A100EE60E3 /* Debug */ = {
			isa = XCBuildConfiguration;
			buildSettings = {
				ALWAYS_SEARCH_USER_PATHS = NO;
				CLANG_CXX_LANGUAGE_STANDARD = "gnu++0x";
				CLANG_CXX_LIBRARY = "libc++";
				CLANG_ENABLE_MODULES = YES;
				CLANG_ENABLE_OBJC_ARC = YES;
				CLANG_WARN_BOOL_CONVERSION = YES;
				CLANG_WARN_CONSTANT_CONVERSION = YES;
				CLANG_WARN_DIRECT_OBJC_ISA_USAGE = YES_ERROR;
				CLANG_WARN_EMPTY_BODY = YES;
				CLANG_WARN_ENUM_CONVERSION = YES;
				CLANG_WARN_INT_CONVERSION = YES;
				CLANG_WARN_OBJC_ROOT_CLASS = YES_ERROR;
				CLANG_WARN__DUPLICATE_METHOD_MATCH = YES;
				"CODE_SIGN_IDENTITY[sdk=iphoneos*]" = "iPhone Developer";
				COPY_PHASE_STRIP = NO;
				GCC_C_LANGUAGE_STANDARD = gnu99;
				GCC_DYNAMIC_NO_PIC = NO;
				GCC_OPTIMIZATION_LEVEL = 0;
				GCC_PREPROCESSOR_DEFINITIONS = (
					"DEBUG=1",
					"$(inherited)",
				);
				GCC_SYMBOLS_PRIVATE_EXTERN = NO;
				GCC_WARN_64_TO_32_BIT_CONVERSION = YES;
				GCC_WARN_ABOUT_RETURN_TYPE = YES_ERROR;
				GCC_WARN_UNDECLARED_SELECTOR = YES;
				GCC_WARN_UNINITIALIZED_AUTOS = YES_AGGRESSIVE;
				GCC_WARN_UNUSED_FUNCTION = YES;
				GCC_WARN_UNUSED_VARIABLE = YES;
				IPHONEOS_DEPLOYMENT_TARGET = 7.1;
				ONLY_ACTIVE_ARCH = YES;
				SDKROOT = iphoneos;
				TARGETED_DEVICE_FAMILY = "1,2";
			};
			name = Debug;
		};
		43A2DFEA192286A100EE60E3 /* Release */ = {
			isa = XCBuildConfiguration;
			buildSettings = {
				ALWAYS_SEARCH_USER_PATHS = NO;
				CLANG_CXX_LANGUAGE_STANDARD = "gnu++0x";
				CLANG_CXX_LIBRARY = "libc++";
				CLANG_ENABLE_MODULES = YES;
				CLANG_ENABLE_OBJC_ARC = YES;
				CLANG_WARN_BOOL_CONVERSION = YES;
				CLANG_WARN_CONSTANT_CONVERSION = YES;
				CLANG_WARN_DIRECT_OBJC_ISA_USAGE = YES_ERROR;
				CLANG_WARN_EMPTY_BODY = YES;
				CLANG_WARN_ENUM_CONVERSION = YES;
				CLANG_WARN_INT_CONVERSION = YES;
				CLANG_WARN_OBJC_ROOT_CLASS = YES_ERROR;
				CLANG_WARN__DUPLICATE_METHOD_MATCH = YES;
				"CODE_SIGN_IDENTITY[sdk=iphoneos*]" = "iPhone Developer";
				COPY_PHASE_STRIP = YES;
				ENABLE_NS_ASSERTIONS = NO;
				GCC_C_LANGUAGE_STANDARD = gnu99;
				GCC_WARN_64_TO_32_BIT_CONVERSION = YES;
				GCC_WARN_ABOUT_RETURN_TYPE = YES_ERROR;
				GCC_WARN_UNDECLARED_SELECTOR = YES;
				GCC_WARN_UNINITIALIZED_AUTOS = YES_AGGRESSIVE;
				GCC_WARN_UNUSED_FUNCTION = YES;
				GCC_WARN_UNUSED_VARIABLE = YES;
				IPHONEOS_DEPLOYMENT_TARGET = 7.1;
				SDKROOT = iphoneos;
				TARGETED_DEVICE_FAMILY = "1,2";
				VALIDATE_PRODUCT = YES;
			};
			name = Release;
		};
		43A2DFEC192286A100EE60E3 /* Debug */ = {
			isa = XCBuildConfiguration;
			buildSettings = {
				ASSETCATALOG_COMPILER_APPICON_NAME = AppIcon;
				ASSETCATALOG_COMPILER_LAUNCHIMAGE_NAME = LaunchImage;
				GCC_PRECOMPILE_PREFIX_HEADER = YES;
				GCC_PREFIX_HEADER = "UIViewShadow/SupportingFiles/UIViewShadow-Prefix.pch";
				INFOPLIST_FILE = "UIViewShadow/SupportingFiles/UIViewShadow-Info.plist";
				IPHONEOS_DEPLOYMENT_TARGET = 6.0;
				PRODUCT_NAME = "$(TARGET_NAME)";
				WRAPPER_EXTENSION = app;
			};
			name = Debug;
		};
		43A2DFED192286A100EE60E3 /* Release */ = {
			isa = XCBuildConfiguration;
			buildSettings = {
				ASSETCATALOG_COMPILER_APPICON_NAME = AppIcon;
				ASSETCATALOG_COMPILER_LAUNCHIMAGE_NAME = LaunchImage;
				GCC_PRECOMPILE_PREFIX_HEADER = YES;
				GCC_PREFIX_HEADER = "UIViewShadow/SupportingFiles/UIViewShadow-Prefix.pch";
				INFOPLIST_FILE = "UIViewShadow/SupportingFiles/UIViewShadow-Info.plist";
				IPHONEOS_DEPLOYMENT_TARGET = 6.0;
				PRODUCT_NAME = "$(TARGET_NAME)";
				WRAPPER_EXTENSION = app;
			};
			name = Release;
		};
		43A2DFEF192286A100EE60E3 /* Debug */ = {
			isa = XCBuildConfiguration;
			buildSettings = {
				BUNDLE_LOADER = "$(BUILT_PRODUCTS_DIR)/UIViewShadow.app/UIViewShadow";
				FRAMEWORK_SEARCH_PATHS = (
					"$(SDKROOT)/Developer/Library/Frameworks",
					"$(inherited)",
					"$(DEVELOPER_FRAMEWORKS_DIR)",
				);
				GCC_PRECOMPILE_PREFIX_HEADER = YES;
				GCC_PREFIX_HEADER = "UIViewShadow/UIViewShadow-Prefix.pch";
				GCC_PREPROCESSOR_DEFINITIONS = (
					"DEBUG=1",
					"$(inherited)",
				);
				INFOPLIST_FILE = "UIViewShadowTests/UIViewShadowTests-Info.plist";
				PRODUCT_NAME = "$(TARGET_NAME)";
				TEST_HOST = "$(BUNDLE_LOADER)";
				WRAPPER_EXTENSION = xctest;
			};
			name = Debug;
		};
		43A2DFF0192286A100EE60E3 /* Release */ = {
			isa = XCBuildConfiguration;
			buildSettings = {
				BUNDLE_LOADER = "$(BUILT_PRODUCTS_DIR)/UIViewShadow.app/UIViewShadow";
				FRAMEWORK_SEARCH_PATHS = (
					"$(SDKROOT)/Developer/Library/Frameworks",
					"$(inherited)",
					"$(DEVELOPER_FRAMEWORKS_DIR)",
				);
				GCC_PRECOMPILE_PREFIX_HEADER = YES;
				GCC_PREFIX_HEADER = "UIViewShadow/UIViewShadow-Prefix.pch";
				INFOPLIST_FILE = "UIViewShadowTests/UIViewShadowTests-Info.plist";
				PRODUCT_NAME = "$(TARGET_NAME)";
				TEST_HOST = "$(BUNDLE_LOADER)";
				WRAPPER_EXTENSION = xctest;
			};
			name = Release;
		};
/* End XCBuildConfiguration section */

/* Begin XCConfigurationList section */
		43A2DFBA192286A100EE60E3 /* Build configuration list for PBXProject "UIViewShadow" */ = {
			isa = XCConfigurationList;
			buildConfigurations = (
				43A2DFE9192286A100EE60E3 /* Debug */,
				43A2DFEA192286A100EE60E3 /* Release */,
			);
			defaultConfigurationIsVisible = 0;
			defaultConfigurationName = Release;
		};
		43A2DFEB192286A100EE60E3 /* Build configuration list for PBXNativeTarget "UIViewShadow" */ = {
			isa = XCConfigurationList;
			buildConfigurations = (
				43A2DFEC192286A100EE60E3 /* Debug */,
				43A2DFED192286A100EE60E3 /* Release */,
			);
			defaultConfigurationIsVisible = 0;
			defaultConfigurationName = Release;
		};
		43A2DFEE192286A100EE60E3 /* Build configuration list for PBXNativeTarget "UIViewShadowTests" */ = {
			isa = XCConfigurationList;
			buildConfigurations = (
				43A2DFEF192286A100EE60E3 /* Debug */,
				43A2DFF0192286A100EE60E3 /* Release */,
			);
			defaultConfigurationIsVisible = 0;
			defaultConfigurationName = Release;
		};
/* End XCConfigurationList section */
	};
	rootObject = 43A2DFB7192286A100EE60E3 /* Project object */;
}
